
Microsoft Visual Studio Solution File, Format Version 12.00
# Visual Studio 15
VisualStudioVersion = 15.0.34112.143
MinimumVisualStudioVersion = 10.0.40219.1
Project("{8BC9CEB8-8B4A-11D0-8D11-00A0C91BC942}") = "Arrays", "Arrays\Arrays.vcxproj", "{CC2FD811-F093-442C-8B7D-06A81400B68D}"
EndProject
Project("{8BC9CEB8-8B4A-11D0-8D11-00A0C91BC942}") = "Shift", "Shift\Shift.vcxproj", "{66613E23-646D-43C9-AE56-0E32E71ECE3A}"
EndProject
Project("{8BC9CEB8-8B4A-11D0-8D11-00A0C91BC942}") = "numerics", "numerics\numerics.vcxproj", "{54C367EB-CBF5-42D2-87AB-B8C3DAAF31FE}"
EndProject
Global
	GlobalSection(SolutionConfigurationPlatforms) = preSolution
		Debug|x64 = Debug|x64
		Debug|x86 = Debug|x86
		Release|x64 = Release|x64
		Release|x86 = Release|x86
	EndGlobalSection
	GlobalSection(ProjectConfigurationPlatforms) = postSolution
		{CC2FD811-F093-442C-8B7D-06A81400B68D}.Debug|x64.ActiveCfg = Debug|x64
		{CC2FD811-F093-442C-8B7D-06A81400B68D}.Debug|x64.Build.0 = Debug|x64
		{CC2FD811-F093-442C-8B7D-06A81400B68D}.Debug|x86.ActiveCfg = Debug|Win32
		{CC2FD811-F093-442C-8B7D-06A81400B68D}.Debug|x86.Build.0 = Debug|Win32
		{CC2FD811-F093-442C-8B7D-06A81400B68D}.Release|x64.ActiveCfg = Release|x64
		{CC2FD811-F093-442C-8B7D-06A81400B68D}.Release|x64.Build.0 = Release|x64
		{CC2FD811-F093-442C-8B7D-06A81400B68D}.Release|x86.ActiveCfg = Release|Win32
		{CC2FD811-F093-442C-8B7D-06A81400B68D}.Release|x86.Build.0 = Release|Win32
		{66613E23-646D-43C9-AE56-0E32E71ECE3A}.Debug|x64.ActiveCfg = Debug|x64
		{66613E23-646D-43C9-AE56-0E32E71ECE3A}.Debug|x64.Build.0 = Debug|x64
		{66613E23-646D-43C9-AE56-0E32E71ECE3A}.Debug|x86.ActiveCfg = Debug|Win32
		{66613E23-646D-43C9-AE56-0E32E71ECE3A}.Debug|x86.Build.0 = Debug|Win32
		{66613E23-646D-43C9-AE56-0E32E71ECE3A}.Release|x64.ActiveCfg = Release|x64
		{66613E23-646D-43C9-AE56-0E32E71ECE3A}.Release|x64.Build.0 = Release|x64
		{66613E23-646D-43C9-AE56-0E32E71ECE3A}.Release|x86.ActiveCfg = Release|Win32
		{66613E23-646D-43C9-AE56-0E32E71ECE3A}.Release|x86.Build.0 = Release|Win32
		{54C367EB-CBF5-42D2-87AB-B8C3DAAF31FE}.Debug|x64.ActiveCfg = Debug|x64
		{54C367EB-CBF5-42D2-87AB-B8C3DAAF31FE}.Debug|x64.Build.0 = Debug|x64
		{54C367EB-CBF5-42D2-87AB-B8C3DAAF31FE}.Debug|x86.ActiveCfg = Debug|Win32
		{54C367EB-CBF5-42D2-87AB-B8C3DAAF31FE}.Debug|x86.Build.0 = Debug|Win32
		{54C367EB-CBF5-42D2-87AB-B8C3DAAF31FE}.Release|x64.ActiveCfg = Release|x64
		{54C367EB-CBF5-42D2-87AB-B8C3DAAF31FE}.Release|x64.Build.0 = Release|x64
		{54C367EB-CBF5-42D2-87AB-B8C3DAAF31FE}.Release|x86.ActiveCfg = Release|Win32
		{54C367EB-CBF5-42D2-87AB-B8C3DAAF31FE}.Release|x86.Build.0 = Release|Win32
	EndGlobalSection
	GlobalSection(SolutionProperties) = preSolution
		HideSolutionNode = FALSE
	EndGlobalSection
	GlobalSection(ExtensibilityGlobals) = postSolution
		SolutionGuid = {548A7C1F-4D46-4D58-973B-143355EEFE8B}
	EndGlobalSection
EndGlobal
